// !$*UTF8*$!
{
	archiveVersion = 1;
	classes = {
	};
	objectVersion = 50;
	objects = {

/* Begin PBXBuildFile section */
		D113567023F1E1D700A40B55 /* HomeVC.swift in Sources */ = {isa = PBXBuildFile; fileRef = D113566F23F1E1D700A40B55 /* HomeVC.swift */; };
		D11371A823ED7BEF0098E8B2 /* AppDelegate.swift in Sources */ = {isa = PBXBuildFile; fileRef = D11371A723ED7BEF0098E8B2 /* AppDelegate.swift */; };
		D11371AA23ED7BEF0098E8B2 /* SceneDelegate.swift in Sources */ = {isa = PBXBuildFile; fileRef = D11371A923ED7BEF0098E8B2 /* SceneDelegate.swift */; };
		D11371B123ED7BF20098E8B2 /* Assets.xcassets in Resources */ = {isa = PBXBuildFile; fileRef = D11371B023ED7BF20098E8B2 /* Assets.xcassets */; };
		D11371B423ED7BF20098E8B2 /* LaunchScreen.storyboard in Resources */ = {isa = PBXBuildFile; fileRef = D11371B223ED7BF20098E8B2 /* LaunchScreen.storyboard */; };
		D11371BE23ED7CDF0098E8B2 /* Button.swift in Sources */ = {isa = PBXBuildFile; fileRef = D11371BD23ED7CDF0098E8B2 /* Button.swift */; };
		D11371C023ED7CF80098E8B2 /* Label.swift in Sources */ = {isa = PBXBuildFile; fileRef = D11371BF23ED7CF80098E8B2 /* Label.swift */; };
		D11371C323ED7E630098E8B2 /* Image.swift in Sources */ = {isa = PBXBuildFile; fileRef = D11371C223ED7E630098E8B2 /* Image.swift */; };
		D17E3DD023ED7F4900C4DA26 /* AuthorizationVC.swift in Sources */ = {isa = PBXBuildFile; fileRef = D17E3DCF23ED7F4900C4DA26 /* AuthorizationVC.swift */; };
		D17E3DD223ED803D00C4DA26 /* TextField.swift in Sources */ = {isa = PBXBuildFile; fileRef = D17E3DD123ED803D00C4DA26 /* TextField.swift */; };
		D18E6A2823F1612100727651 /* SignUpVC.swift in Sources */ = {isa = PBXBuildFile; fileRef = D18E6A2723F1612100727651 /* SignUpVC.swift */; };
		D18E6A2A23F162FE00727651 /* NetworkManager.swift in Sources */ = {isa = PBXBuildFile; fileRef = D18E6A2923F162FE00727651 /* NetworkManager.swift */; };
		D18E6A2D23F164CD00727651 /* User.swift in Sources */ = {isa = PBXBuildFile; fileRef = D18E6A2C23F164CD00727651 /* User.swift */; };
		D19C1BD923F17F960092BDBF /* AuthErrorAlertVC.swift in Sources */ = {isa = PBXBuildFile; fileRef = D19C1BD823F17F960092BDBF /* AuthErrorAlertVC.swift */; };
		D1C49C6523F28A4F00743BDE /* TabBarController.swift in Sources */ = {isa = PBXBuildFile; fileRef = D1C49C6423F28A4F00743BDE /* TabBarController.swift */; };
		D1C49C6723F28B8E00743BDE /* FriendsVC.swift in Sources */ = {isa = PBXBuildFile; fileRef = D1C49C6623F28B8E00743BDE /* FriendsVC.swift */; };
		D1C49C6A23F28D6800743BDE /* File.swift in Sources */ = {isa = PBXBuildFile; fileRef = D1C49C6923F28D6800743BDE /* File.swift */; };
/* End PBXBuildFile section */

/* Begin PBXFileReference section */
		D113566F23F1E1D700A40B55 /* HomeVC.swift */ = {isa = PBXFileReference; lastKnownFileType = sourcecode.swift; path = HomeVC.swift; sourceTree = "<group>"; };
		D11371A423ED7BEF0098E8B2 /* Allo.app */ = {isa = PBXFileReference; explicitFileType = wrapper.application; includeInIndex = 0; path = Allo.app; sourceTree = BUILT_PRODUCTS_DIR; };
		D11371A723ED7BEF0098E8B2 /* AppDelegate.swift */ = {isa = PBXFileReference; lastKnownFileType = sourcecode.swift; path = AppDelegate.swift; sourceTree = "<group>"; };
		D11371A923ED7BEF0098E8B2 /* SceneDelegate.swift */ = {isa = PBXFileReference; lastKnownFileType = sourcecode.swift; path = SceneDelegate.swift; sourceTree = "<group>"; };
		D11371B023ED7BF20098E8B2 /* Assets.xcassets */ = {isa = PBXFileReference; lastKnownFileType = folder.assetcatalog; path = Assets.xcassets; sourceTree = "<group>"; };
		D11371B323ED7BF20098E8B2 /* Base */ = {isa = PBXFileReference; lastKnownFileType = file.storyboard; name = Base; path = Base.lproj/LaunchScreen.storyboard; sourceTree = "<group>"; };
		D11371B523ED7BF20098E8B2 /* Info.plist */ = {isa = PBXFileReference; lastKnownFileType = text.plist.xml; path = Info.plist; sourceTree = "<group>"; };
		D11371BD23ED7CDF0098E8B2 /* Button.swift */ = {isa = PBXFileReference; lastKnownFileType = sourcecode.swift; path = Button.swift; sourceTree = "<group>"; };
		D11371BF23ED7CF80098E8B2 /* Label.swift */ = {isa = PBXFileReference; lastKnownFileType = sourcecode.swift; path = Label.swift; sourceTree = "<group>"; };
		D11371C223ED7E630098E8B2 /* Image.swift */ = {isa = PBXFileReference; lastKnownFileType = sourcecode.swift; path = Image.swift; sourceTree = "<group>"; };
		D17E3DCF23ED7F4900C4DA26 /* AuthorizationVC.swift */ = {isa = PBXFileReference; lastKnownFileType = sourcecode.swift; path = AuthorizationVC.swift; sourceTree = "<group>"; };
		D17E3DD123ED803D00C4DA26 /* TextField.swift */ = {isa = PBXFileReference; lastKnownFileType = sourcecode.swift; path = TextField.swift; sourceTree = "<group>"; };
		D18E6A2723F1612100727651 /* SignUpVC.swift */ = {isa = PBXFileReference; lastKnownFileType = sourcecode.swift; path = SignUpVC.swift; sourceTree = "<group>"; };
		D18E6A2923F162FE00727651 /* NetworkManager.swift */ = {isa = PBXFileReference; lastKnownFileType = sourcecode.swift; path = NetworkManager.swift; sourceTree = "<group>"; };
		D18E6A2C23F164CD00727651 /* User.swift */ = {isa = PBXFileReference; lastKnownFileType = sourcecode.swift; path = User.swift; sourceTree = "<group>"; };
		D19C1BD823F17F960092BDBF /* AuthErrorAlertVC.swift */ = {isa = PBXFileReference; lastKnownFileType = sourcecode.swift; path = AuthErrorAlertVC.swift; sourceTree = "<group>"; };
		D1C49C6423F28A4F00743BDE /* TabBarController.swift */ = {isa = PBXFileReference; lastKnownFileType = sourcecode.swift; path = TabBarController.swift; sourceTree = "<group>"; };
		D1C49C6623F28B8E00743BDE /* FriendsVC.swift */ = {isa = PBXFileReference; lastKnownFileType = sourcecode.swift; path = FriendsVC.swift; sourceTree = "<group>"; };
		D1C49C6923F28D6800743BDE /* File.swift */ = {isa = PBXFileReference; lastKnownFileType = sourcecode.swift; path = File.swift; sourceTree = "<group>"; };
/* End PBXFileReference section */

/* Begin PBXFrameworksBuildPhase section */
		D11371A123ED7BEF0098E8B2 /* Frameworks */ = {
			isa = PBXFrameworksBuildPhase;
			buildActionMask = 2147483647;
			files = (
			);
			runOnlyForDeploymentPostprocessing = 0;
		};
/* End PBXFrameworksBuildPhase section */

/* Begin PBXGroup section */
		D113719B23ED7BEF0098E8B2 = {
			isa = PBXGroup;
			children = (
				D11371A623ED7BEF0098E8B2 /* Allo */,
				D11371A523ED7BEF0098E8B2 /* Products */,
			);
			sourceTree = "<group>";
		};
		D11371A523ED7BEF0098E8B2 /* Products */ = {
			isa = PBXGroup;
			children = (
				D11371A423ED7BEF0098E8B2 /* Allo.app */,
			);
			name = Products;
			sourceTree = "<group>";
		};
		D11371A623ED7BEF0098E8B2 /* Allo */ = {
			isa = PBXGroup;
			children = (
				D11371A723ED7BEF0098E8B2 /* AppDelegate.swift */,
				D11371A923ED7BEF0098E8B2 /* SceneDelegate.swift */,
				D18E6A2F23F164F500727651 /* Controllers */,
				D18E6A2E23F164E600727651 /* Model */,
				D18E6A2B23F1630500727651 /* Services */,
				D11371C123ED7D040098E8B2 /* UIComponents */,
				D11371B023ED7BF20098E8B2 /* Assets.xcassets */,
				D11371B223ED7BF20098E8B2 /* LaunchScreen.storyboard */,
				D11371B523ED7BF20098E8B2 /* Info.plist */,
			);
			path = Allo;
			sourceTree = "<group>";
		};
		D11371C123ED7D040098E8B2 /* UIComponents */ = {
			isa = PBXGroup;
			children = (
				D11371BD23ED7CDF0098E8B2 /* Button.swift */,
				D11371BF23ED7CF80098E8B2 /* Label.swift */,
				D17E3DD123ED803D00C4DA26 /* TextField.swift */,
				D11371C223ED7E630098E8B2 /* Image.swift */,
			);
			path = UIComponents;
			sourceTree = "<group>";
		};
		D18E6A2B23F1630500727651 /* Services */ = {
			isa = PBXGroup;
			children = (
				D18E6A2923F162FE00727651 /* NetworkManager.swift */,
			);
			path = Services;
			sourceTree = "<group>";
		};
		D18E6A2E23F164E600727651 /* Model */ = {
			isa = PBXGroup;
			children = (
				D18E6A2C23F164CD00727651 /* User.swift */,
			);
			path = Model;
			sourceTree = "<group>";
		};
		D18E6A2F23F164F500727651 /* Controllers */ = {
			isa = PBXGroup;
			children = (
				D19C1BD723F17CEB0092BDBF /* Auth */,
				D1C49C6823F28D2100743BDE /* MainScreen */,
			);
			path = Controllers;
			sourceTree = "<group>";
		};
		D19C1BD723F17CEB0092BDBF /* Auth */ = {
			isa = PBXGroup;
			children = (
				D18E6A2723F1612100727651 /* SignUpVC.swift */,
				D17E3DCF23ED7F4900C4DA26 /* AuthorizationVC.swift */,
				D19C1BD823F17F960092BDBF /* AuthErrorAlertVC.swift */,
			);
			path = Auth;
			sourceTree = "<group>";
		};
		D1C49C6823F28D2100743BDE /* MainScreen */ = {
			isa = PBXGroup;
			children = (
				D1C49C6423F28A4F00743BDE /* TabBarController.swift */,
				D113566F23F1E1D700A40B55 /* HomeVC.swift */,
				D1C49C6623F28B8E00743BDE /* FriendsVC.swift */,
				D1C49C6923F28D6800743BDE /* File.swift */,
			);
			path = MainScreen;
			sourceTree = "<group>";
		};
/* End PBXGroup section */

/* Begin PBXNativeTarget section */
		D11371A323ED7BEF0098E8B2 /* Allo */ = {
			isa = PBXNativeTarget;
			buildConfigurationList = D11371B823ED7BF20098E8B2 /* Build configuration list for PBXNativeTarget "Allo" */;
			buildPhases = (
				D11371A023ED7BEF0098E8B2 /* Sources */,
				D11371A123ED7BEF0098E8B2 /* Frameworks */,
				D11371A223ED7BEF0098E8B2 /* Resources */,
			);
			buildRules = (
			);
			dependencies = (
			);
			name = Allo;
			productName = Allo;
			productReference = D11371A423ED7BEF0098E8B2 /* Allo.app */;
			productType = "com.apple.product-type.application";
		};
/* End PBXNativeTarget section */

/* Begin PBXProject section */
		D113719C23ED7BEF0098E8B2 /* Project object */ = {
			isa = PBXProject;
			attributes = {
				LastSwiftUpdateCheck = 1100;
				LastUpgradeCheck = 1100;
				ORGANIZATIONNAME = "Artem Klimkin";
				TargetAttributes = {
					D11371A323ED7BEF0098E8B2 = {
						CreatedOnToolsVersion = 11.0;
					};
				};
			};
			buildConfigurationList = D113719F23ED7BEF0098E8B2 /* Build configuration list for PBXProject "Allo" */;
			compatibilityVersion = "Xcode 9.3";
			developmentRegion = en;
			hasScannedForEncodings = 0;
			knownRegions = (
				en,
				Base,
			);
			mainGroup = D113719B23ED7BEF0098E8B2;
			productRefGroup = D11371A523ED7BEF0098E8B2 /* Products */;
			projectDirPath = "";
			projectRoot = "";
			targets = (
				D11371A323ED7BEF0098E8B2 /* Allo */,
			);
		};
/* End PBXProject section */

/* Begin PBXResourcesBuildPhase section */
		D11371A223ED7BEF0098E8B2 /* Resources */ = {
			isa = PBXResourcesBuildPhase;
			buildActionMask = 2147483647;
			files = (
				D11371B423ED7BF20098E8B2 /* LaunchScreen.storyboard in Resources */,
				D11371B123ED7BF20098E8B2 /* Assets.xcassets in Resources */,
			);
			runOnlyForDeploymentPostprocessing = 0;
		};
/* End PBXResourcesBuildPhase section */

/* Begin PBXSourcesBuildPhase section */
		D11371A023ED7BEF0098E8B2 /* Sources */ = {
			isa = PBXSourcesBuildPhase;
			buildActionMask = 2147483647;
			files = (
				D1C49C6723F28B8E00743BDE /* FriendsVC.swift in Sources */,
				D18E6A2A23F162FE00727651 /* NetworkManager.swift in Sources */,
				D1C49C6523F28A4F00743BDE /* TabBarController.swift in Sources */,
				D18E6A2823F1612100727651 /* SignUpVC.swift in Sources */,
				D19C1BD923F17F960092BDBF /* AuthErrorAlertVC.swift in Sources */,
				D11371A823ED7BEF0098E8B2 /* AppDelegate.swift in Sources */,
				D11371C323ED7E630098E8B2 /* Image.swift in Sources */,
				D113567023F1E1D700A40B55 /* HomeVC.swift in Sources */,
				D18E6A2D23F164CD00727651 /* User.swift in Sources */,
				D11371AA23ED7BEF0098E8B2 /* SceneDelegate.swift in Sources */,
				D1C49C6A23F28D6800743BDE /* File.swift in Sources */,
				D17E3DD223ED803D00C4DA26 /* TextField.swift in Sources */,
				D17E3DD023ED7F4900C4DA26 /* AuthorizationVC.swift in Sources */,
				D11371C023ED7CF80098E8B2 /* Label.swift in Sources */,
				D11371BE23ED7CDF0098E8B2 /* Button.swift in Sources */,
			);
			runOnlyForDeploymentPostprocessing = 0;
		};
/* End PBXSourcesBuildPhase section */

/* Begin PBXVariantGroup section */
		D11371B223ED7BF20098E8B2 /* LaunchScreen.storyboard */ = {
			isa = PBXVariantGroup;
			children = (
				D11371B323ED7BF20098E8B2 /* Base */,
			);
			name = LaunchScreen.storyboard;
			sourceTree = "<group>";
		};
/* End PBXVariantGroup section */

/* Begin XCBuildConfiguration section */
		D11371B623ED7BF20098E8B2 /* Debug */ = {
			isa = XCBuildConfiguration;
			buildSettings = {
				ALWAYS_SEARCH_USER_PATHS = NO;
				CLANG_ANALYZER_NONNULL = YES;
				CLANG_ANALYZER_NUMBER_OBJECT_CONVERSION = YES_AGGRESSIVE;
				CLANG_CXX_LANGUAGE_STANDARD = "gnu++14";
				CLANG_CXX_LIBRARY = "libc++";
				CLANG_ENABLE_MODULES = YES;
				CLANG_ENABLE_OBJC_ARC = YES;
				CLANG_ENABLE_OBJC_WEAK = YES;
				CLANG_WARN_BLOCK_CAPTURE_AUTORELEASING = YES;
				CLANG_WARN_BOOL_CONVERSION = YES;
				CLANG_WARN_COMMA = YES;
				CLANG_WARN_CONSTANT_CONVERSION = YES;
				CLANG_WARN_DEPRECATED_OBJC_IMPLEMENTATIONS = YES;
				CLANG_WARN_DIRECT_OBJC_ISA_USAGE = YES_ERROR;
				CLANG_WARN_DOCUMENTATION_COMMENTS = YES;
				CLANG_WARN_EMPTY_BODY = YES;
				CLANG_WARN_ENUM_CONVERSION = YES;
				CLANG_WARN_INFINITE_RECURSION = YES;
				CLANG_WARN_INT_CONVERSION = YES;
				CLANG_WARN_NON_LITERAL_NULL_CONVERSION = YES;
				CLANG_WARN_OBJC_IMPLICIT_RETAIN_SELF = YES;
				CLANG_WARN_OBJC_LITERAL_CONVERSION = YES;
				CLANG_WARN_OBJC_ROOT_CLASS = YES_ERROR;
				CLANG_WARN_RANGE_LOOP_ANALYSIS = YES;
				CLANG_WARN_STRICT_PROTOTYPES = YES;
				CLANG_WARN_SUSPICIOUS_MOVE = YES;
				CLANG_WARN_UNGUARDED_AVAILABILITY = YES_AGGRESSIVE;
				CLANG_WARN_UNREACHABLE_CODE = YES;
				CLANG_WARN__DUPLICATE_METHOD_MATCH = YES;
				COPY_PHASE_STRIP = NO;
				DEBUG_INFORMATION_FORMAT = dwarf;
				ENABLE_STRICT_OBJC_MSGSEND = YES;
				ENABLE_TESTABILITY = YES;
				GCC_C_LANGUAGE_STANDARD = gnu11;
				GCC_DYNAMIC_NO_PIC = NO;
				GCC_NO_COMMON_BLOCKS = YES;
				GCC_OPTIMIZATION_LEVEL = 0;
				GCC_PREPROCESSOR_DEFINITIONS = (
					"DEBUG=1",
					"$(inherited)",
				);
				GCC_WARN_64_TO_32_BIT_CONVERSION = YES;
				GCC_WARN_ABOUT_RETURN_TYPE = YES_ERROR;
				GCC_WARN_UNDECLARED_SELECTOR = YES;
				GCC_WARN_UNINITIALIZED_AUTOS = YES_AGGRESSIVE;
				GCC_WARN_UNUSED_FUNCTION = YES;
				GCC_WARN_UNUSED_VARIABLE = YES;
				IPHONEOS_DEPLOYMENT_TARGET = 13.0;
				MTL_ENABLE_DEBUG_INFO = INCLUDE_SOURCE;
				MTL_FAST_MATH = YES;
				ONLY_ACTIVE_ARCH = YES;
				SDKROOT = iphoneos;
				SWIFT_ACTIVE_COMPILATION_CONDITIONS = DEBUG;
				SWIFT_OPTIMIZATION_LEVEL = "-Onone";
			};
			name = Debug;
		};
		D11371B723ED7BF20098E8B2 /* Release */ = {
			isa = XCBuildConfiguration;
			buildSettings = {
				ALWAYS_SEARCH_USER_PATHS = NO;
				CLANG_ANALYZER_NONNULL = YES;
				CLANG_ANALYZER_NUMBER_OBJECT_CONVERSION = YES_AGGRESSIVE;
				CLANG_CXX_LANGUAGE_STANDARD = "gnu++14";
				CLANG_CXX_LIBRARY = "libc++";
				CLANG_ENABLE_MODULES = YES;
				CLANG_ENABLE_OBJC_ARC = YES;
				CLANG_ENABLE_OBJC_WEAK = YES;
				CLANG_WARN_BLOCK_CAPTURE_AUTORELEASING = YES;
				CLANG_WARN_BOOL_CONVERSION = YES;
				CLANG_WARN_COMMA = YES;
				CLANG_WARN_CONSTANT_CONVERSION = YES;
				CLANG_WARN_DEPRECATED_OBJC_IMPLEMENTATIONS = YES;
				CLANG_WARN_DIRECT_OBJC_ISA_USAGE = YES_ERROR;
				CLANG_WARN_DOCUMENTATION_COMMENTS = YES;
				CLANG_WARN_EMPTY_BODY = YES;
				CLANG_WARN_ENUM_CONVERSION = YES;
				CLANG_WARN_INFINITE_RECURSION = YES;
				CLANG_WARN_INT_CONVERSION = YES;
				CLANG_WARN_NON_LITERAL_NULL_CONVERSION = YES;
				CLANG_WARN_OBJC_IMPLICIT_RETAIN_SELF = YES;
				CLANG_WARN_OBJC_LITERAL_CONVERSION = YES;
				CLANG_WARN_OBJC_ROOT_CLASS = YES_ERROR;
				CLANG_WARN_RANGE_LOOP_ANALYSIS = YES;
				CLANG_WARN_STRICT_PROTOTYPES = YES;
				CLANG_WARN_SUSPICIOUS_MOVE = YES;
				CLANG_WARN_UNGUARDED_AVAILABILITY = YES_AGGRESSIVE;
				CLANG_WARN_UNREACHABLE_CODE = YES;
				CLANG_WARN__DUPLICATE_METHOD_MATCH = YES;
				COPY_PHASE_STRIP = NO;
				DEBUG_INFORMATION_FORMAT = "dwarf-with-dsym";
				ENABLE_NS_ASSERTIONS = NO;
				ENABLE_STRICT_OBJC_MSGSEND = YES;
				GCC_C_LANGUAGE_STANDARD = gnu11;
				GCC_NO_COMMON_BLOCKS = YES;
				GCC_WARN_64_TO_32_BIT_CONVERSION = YES;
				GCC_WARN_ABOUT_RETURN_TYPE = YES_ERROR;
				GCC_WARN_UNDECLARED_SELECTOR = YES;
				GCC_WARN_UNINITIALIZED_AUTOS = YES_AGGRESSIVE;
				GCC_WARN_UNUSED_FUNCTION = YES;
				GCC_WARN_UNUSED_VARIABLE = YES;
				IPHONEOS_DEPLOYMENT_TARGET = 13.0;
				MTL_ENABLE_DEBUG_INFO = NO;
				MTL_FAST_MATH = YES;
				SDKROOT = iphoneos;
				SWIFT_COMPILATION_MODE = wholemodule;
				SWIFT_OPTIMIZATION_LEVEL = "-O";
				VALIDATE_PRODUCT = YES;
			};
			name = Release;
		};
		D11371B923ED7BF20098E8B2 /* Debug */ = {
			isa = XCBuildConfiguration;
			buildSettings = {
				ASSETCATALOG_COMPILER_APPICON_NAME = AppIcon;
				CODE_SIGN_STYLE = Automatic;
				DEVELOPMENT_TEAM = J4G62DQ956;
				INFOPLIST_FILE = Allo/Info.plist;
				LD_RUNPATH_SEARCH_PATHS = (
					"$(inherited)",
					"@executable_path/Frameworks",
				);
				PRODUCT_BUNDLE_IDENTIFIER = com.ArtemKlimkin.Allo;
				PRODUCT_NAME = "$(TARGET_NAME)";
				SWIFT_VERSION = 5.0;
				TARGETED_DEVICE_FAMILY = 1;
			};
			name = Debug;
		};
		D11371BA23ED7BF20098E8B2 /* Release */ = {
			isa = XCBuildConfiguration;
			buildSettings = {
				ASSETCATALOG_COMPILER_APPICON_NAME = AppIcon;
				CODE_SIGN_STYLE = Automatic;
				DEVELOPMENT_TEAM = J4G62DQ956;
				INFOPLIST_FILE = Allo/Info.plist;
				LD_RUNPATH_SEARCH_PATHS = (
					"$(inherited)",
					"@executable_path/Frameworks",
				);
				PRODUCT_BUNDLE_IDENTIFIER = com.ArtemKlimkin.Allo;
				PRODUCT_NAME = "$(TARGET_NAME)";
				SWIFT_VERSION = 5.0;
				TARGETED_DEVICE_FAMILY = 1;
			};
			name = Release;
		};
/* End XCBuildConfiguration section */

/* Begin XCConfigurationList section */
		D113719F23ED7BEF0098E8B2 /* Build configuration list for PBXProject "Allo" */ = {
			isa = XCConfigurationList;
			buildConfigurations = (
				D11371B623ED7BF20098E8B2 /* Debug */,
				D11371B723ED7BF20098E8B2 /* Release */,
			);
			defaultConfigurationIsVisible = 0;
			defaultConfigurationName = Release;
		};
		D11371B823ED7BF20098E8B2 /* Build configuration list for PBXNativeTarget "Allo" */ = {
			isa = XCConfigurationList;
			buildConfigurations = (
				D11371B923ED7BF20098E8B2 /* Debug */,
				D11371BA23ED7BF20098E8B2 /* Release */,
			);
			defaultConfigurationIsVisible = 0;
			defaultConfigurationName = Release;
		};
/* End XCConfigurationList section */
	};
	rootObject = D113719C23ED7BEF0098E8B2 /* Project object */;
}
